
Microsoft Visual Studio Solution File, Format Version 12.00
Project("{FAE04EC0-301F-11D3-BF4B-00C04F79EFBC}") = "WebApplication", "WebApplication.csproj", "{72F7E5D6-C12B-480B-823A-549B8C67424B}"
EndProject
Global
	GlobalSection(SolutionConfigurationPlatforms) = preSolution
		Debug|Any CPU = Debug|Any CPU
		Release|Any CPU = Release|Any CPU
	EndGlobalSection
	GlobalSection(ProjectConfigurationPlatforms) = postSolution
		{72F7E5D6-C12B-480B-823A-549B8C67424B}.Debug|Any CPU.ActiveCfg = Debug|Any CPU
		{72F7E5D6-C12B-480B-823A-549B8C67424B}.Debug|Any CPU.Build.0 = Debug|Any CPU
		{72F7E5D6-C12B-480B-823A-549B8C67424B}.Release|Any CPU.ActiveCfg = Release|Any CPU
		{72F7E5D6-C12B-480B-823A-549B8C67424B}.Release|Any CPU.Build.0 = Release|Any CPU
	EndGlobalSection
EndGlobal
